// !$*UTF8*$!
{
	archiveVersion = 1;
	classes = {
	};
	objectVersion = 50;
	objects = {

/* Begin PBXBuildFile section */
		2209A38D2241239D0078583F /* bgm_maoudamashii_fantasy15.mp3 in Resources */ = {isa = PBXBuildFile; fileRef = 2209A38C2241239D0078583F /* bgm_maoudamashii_fantasy15.mp3 */; };
		224F6347223FBC6A00F7CF5C /* AppDelegate.swift in Sources */ = {isa = PBXBuildFile; fileRef = 224F6346223FBC6A00F7CF5C /* AppDelegate.swift */; };
		224F6349223FBC6A00F7CF5C /* ViewController.swift in Sources */ = {isa = PBXBuildFile; fileRef = 224F6348223FBC6A00F7CF5C /* ViewController.swift */; };
		224F634C223FBC6A00F7CF5C /* Main.storyboard in Resources */ = {isa = PBXBuildFile; fileRef = 224F634A223FBC6A00F7CF5C /* Main.storyboard */; };
		224F634E223FBC6A00F7CF5C /* Assets.xcassets in Resources */ = {isa = PBXBuildFile; fileRef = 224F634D223FBC6A00F7CF5C /* Assets.xcassets */; };
		224F6351223FBC6A00F7CF5C /* LaunchScreen.storyboard in Resources */ = {isa = PBXBuildFile; fileRef = 224F634F223FBC6A00F7CF5C /* LaunchScreen.storyboard */; };
		224F635E223FBCD000F7CF5C /* dash0.png in Resources */ = {isa = PBXBuildFile; fileRef = 224F6358223FBCCF00F7CF5C /* dash0.png */; };
		224F635F223FBCD000F7CF5C /* dash5.png in Resources */ = {isa = PBXBuildFile; fileRef = 224F6359223FBCCF00F7CF5C /* dash5.png */; };
		224F6360223FBCD000F7CF5C /* dash2.png in Resources */ = {isa = PBXBuildFile; fileRef = 224F635A223FBCCF00F7CF5C /* dash2.png */; };
		224F6361223FBCD000F7CF5C /* dash1.png in Resources */ = {isa = PBXBuildFile; fileRef = 224F635B223FBCCF00F7CF5C /* dash1.png */; };
		224F6362223FBCD000F7CF5C /* dash4.png in Resources */ = {isa = PBXBuildFile; fileRef = 224F635C223FBCCF00F7CF5C /* dash4.png */; };
		224F6363223FBCD000F7CF5C /* dash3.png in Resources */ = {isa = PBXBuildFile; fileRef = 224F635D223FBCD000F7CF5C /* dash3.png */; };
		224F6366223FBD0A00F7CF5C /* stop.png in Resources */ = {isa = PBXBuildFile; fileRef = 224F6364223FBD0A00F7CF5C /* stop.png */; };
		224F6367223FBD0A00F7CF5C /* start.png in Resources */ = {isa = PBXBuildFile; fileRef = 224F6365223FBD0A00F7CF5C /* start.png */; };
/* End PBXBuildFile section */

/* Begin PBXFileReference section */
		2209A38C2241239D0078583F /* bgm_maoudamashii_fantasy15.mp3 */ = {isa = PBXFileReference; lastKnownFileType = audio.mp3; path = bgm_maoudamashii_fantasy15.mp3; sourceTree = "<group>"; };
		224F6343223FBC6A00F7CF5C /* Swift4Manganioto.app */ = {isa = PBXFileReference; explicitFileType = wrapper.application; includeInIndex = 0; path = Swift4Manganioto.app; sourceTree = BUILT_PRODUCTS_DIR; };
		224F6346223FBC6A00F7CF5C /* AppDelegate.swift */ = {isa = PBXFileReference; lastKnownFileType = sourcecode.swift; path = AppDelegate.swift; sourceTree = "<group>"; };
		224F6348223FBC6A00F7CF5C /* ViewController.swift */ = {isa = PBXFileReference; lastKnownFileType = sourcecode.swift; path = ViewController.swift; sourceTree = "<group>"; };
		224F634B223FBC6A00F7CF5C /* Base */ = {isa = PBXFileReference; lastKnownFileType = file.storyboard; name = Base; path = Base.lproj/Main.storyboard; sourceTree = "<group>"; };
		224F634D223FBC6A00F7CF5C /* Assets.xcassets */ = {isa = PBXFileReference; lastKnownFileType = folder.assetcatalog; path = Assets.xcassets; sourceTree = "<group>"; };
		224F6350223FBC6A00F7CF5C /* Base */ = {isa = PBXFileReference; lastKnownFileType = file.storyboard; name = Base; path = Base.lproj/LaunchScreen.storyboard; sourceTree = "<group>"; };
		224F6352223FBC6A00F7CF5C /* Info.plist */ = {isa = PBXFileReference; lastKnownFileType = text.plist.xml; path = Info.plist; sourceTree = "<group>"; };
		224F6358223FBCCF00F7CF5C /* dash0.png */ = {isa = PBXFileReference; lastKnownFileType = image.png; path = dash0.png; sourceTree = "<group>"; };
		224F6359223FBCCF00F7CF5C /* dash5.png */ = {isa = PBXFileReference; lastKnownFileType = image.png; path = dash5.png; sourceTree = "<group>"; };
		224F635A223FBCCF00F7CF5C /* dash2.png */ = {isa = PBXFileReference; lastKnownFileType = image.png; path = dash2.png; sourceTree = "<group>"; };
		224F635B223FBCCF00F7CF5C /* dash1.png */ = {isa = PBXFileReference; lastKnownFileType = image.png; path = dash1.png; sourceTree = "<group>"; };
		224F635C223FBCCF00F7CF5C /* dash4.png */ = {isa = PBXFileReference; lastKnownFileType = image.png; path = dash4.png; sourceTree = "<group>"; };
		224F635D223FBCD000F7CF5C /* dash3.png */ = {isa = PBXFileReference; lastKnownFileType = image.png; path = dash3.png; sourceTree = "<group>"; };
		224F6364223FBD0A00F7CF5C /* stop.png */ = {isa = PBXFileReference; lastKnownFileType = image.png; path = stop.png; sourceTree = "<group>"; };
		224F6365223FBD0A00F7CF5C /* start.png */ = {isa = PBXFileReference; lastKnownFileType = image.png; path = start.png; sourceTree = "<group>"; };
/* End PBXFileReference section */

/* Begin PBXFrameworksBuildPhase section */
		224F6340223FBC6A00F7CF5C /* Frameworks */ = {
			isa = PBXFrameworksBuildPhase;
			buildActionMask = 2147483647;
			files = (
			);
			runOnlyForDeploymentPostprocessing = 0;
		};
/* End PBXFrameworksBuildPhase section */

/* Begin PBXGroup section */
		224F633A223FBC6A00F7CF5C = {
			isa = PBXGroup;
			children = (
				224F6345223FBC6A00F7CF5C /* Swift4Manganioto */,
				224F6344223FBC6A00F7CF5C /* Products */,
			);
			sourceTree = "<group>";
		};
		224F6344223FBC6A00F7CF5C /* Products */ = {
			isa = PBXGroup;
			children = (
				224F6343223FBC6A00F7CF5C /* Swift4Manganioto.app */,
			);
			name = Products;
			sourceTree = "<group>";
		};
		224F6345223FBC6A00F7CF5C /* Swift4Manganioto */ = {
			isa = PBXGroup;
			children = (
				224F6365223FBD0A00F7CF5C /* start.png */,
				224F6364223FBD0A00F7CF5C /* stop.png */,
				224F6358223FBCCF00F7CF5C /* dash0.png */,
				224F635B223FBCCF00F7CF5C /* dash1.png */,
				224F635A223FBCCF00F7CF5C /* dash2.png */,
				224F635D223FBCD000F7CF5C /* dash3.png */,
				224F635C223FBCCF00F7CF5C /* dash4.png */,
				224F6359223FBCCF00F7CF5C /* dash5.png */,
				2209A38C2241239D0078583F /* bgm_maoudamashii_fantasy15.mp3 */,
				224F6346223FBC6A00F7CF5C /* AppDelegate.swift */,
				224F6348223FBC6A00F7CF5C /* ViewController.swift */,
				224F634A223FBC6A00F7CF5C /* Main.storyboard */,
				224F634D223FBC6A00F7CF5C /* Assets.xcassets */,
				224F634F223FBC6A00F7CF5C /* LaunchScreen.storyboard */,
				224F6352223FBC6A00F7CF5C /* Info.plist */,
			);
			path = Swift4Manganioto;
			sourceTree = "<group>";
		};
/* End PBXGroup section */

/* Begin PBXNativeTarget section */
		224F6342223FBC6A00F7CF5C /* Swift4Manganioto */ = {
			isa = PBXNativeTarget;
			buildConfigurationList = 224F6355223FBC6A00F7CF5C /* Build configuration list for PBXNativeTarget "Swift4Manganioto" */;
			buildPhases = (
				224F633F223FBC6A00F7CF5C /* Sources */,
				224F6340223FBC6A00F7CF5C /* Frameworks */,
				224F6341223FBC6A00F7CF5C /* Resources */,
			);
			buildRules = (
			);
			dependencies = (
			);
			name = Swift4Manganioto;
			productName = Swift4Manganioto;
			productReference = 224F6343223FBC6A00F7CF5C /* Swift4Manganioto.app */;
			productType = "com.apple.product-type.application";
		};
/* End PBXNativeTarget section */

/* Begin PBXProject section */
		224F633B223FBC6A00F7CF5C /* Project object */ = {
			isa = PBXProject;
			attributes = {
				LastSwiftUpdateCheck = 1010;
				LastUpgradeCheck = 1010;
				ORGANIZATIONNAME = "藤田優作";
				TargetAttributes = {
					224F6342223FBC6A00F7CF5C = {
						CreatedOnToolsVersion = 10.1;
					};
				};
			};
			buildConfigurationList = 224F633E223FBC6A00F7CF5C /* Build configuration list for PBXProject "Swift4Manganioto" */;
			compatibilityVersion = "Xcode 9.3";
			developmentRegion = en;
			hasScannedForEncodings = 0;
			knownRegions = (
				en,
				Base,
			);
			mainGroup = 224F633A223FBC6A00F7CF5C;
			productRefGroup = 224F6344223FBC6A00F7CF5C /* Products */;
			projectDirPath = "";
			projectRoot = "";
			targets = (
				224F6342223FBC6A00F7CF5C /* Swift4Manganioto */,
			);
		};
/* End PBXProject section */

/* Begin PBXResourcesBuildPhase section */
		224F6341223FBC6A00F7CF5C /* Resources */ = {
			isa = PBXResourcesBuildPhase;
			buildActionMask = 2147483647;
			files = (
				224F6362223FBCD000F7CF5C /* dash4.png in Resources */,
				224F6366223FBD0A00F7CF5C /* stop.png in Resources */,
				224F635E223FBCD000F7CF5C /* dash0.png in Resources */,
				224F6367223FBD0A00F7CF5C /* start.png in Resources */,
				224F635F223FBCD000F7CF5C /* dash5.png in Resources */,
				224F6351223FBC6A00F7CF5C /* LaunchScreen.storyboard in Resources */,
				2209A38D2241239D0078583F /* bgm_maoudamashii_fantasy15.mp3 in Resources */,
				224F6361223FBCD000F7CF5C /* dash1.png in Resources */,
				224F634E223FBC6A00F7CF5C /* Assets.xcassets in Resources */,
				224F6360223FBCD000F7CF5C /* dash2.png in Resources */,
				224F6363223FBCD000F7CF5C /* dash3.png in Resources */,
				224F634C223FBC6A00F7CF5C /* Main.storyboard in Resources */,
			);
			runOnlyForDeploymentPostprocessing = 0;
		};
/* End PBXResourcesBuildPhase section */

/* Begin PBXSourcesBuildPhase section */
		224F633F223FBC6A00F7CF5C /* Sources */ = {
			isa = PBXSourcesBuildPhase;
			buildActionMask = 2147483647;
			files = (
				224F6349223FBC6A00F7CF5C /* ViewController.swift in Sources */,
				224F6347223FBC6A00F7CF5C /* AppDelegate.swift in Sources */,
			);
			runOnlyForDeploymentPostprocessing = 0;
		};
/* End PBXSourcesBuildPhase section */

/* Begin PBXVariantGroup section */
		224F634A223FBC6A00F7CF5C /* Main.storyboard */ = {
			isa = PBXVariantGroup;
			children = (
				224F634B223FBC6A00F7CF5C /* Base */,
			);
			name = Main.storyboard;
			sourceTree = "<group>";
		};
		224F634F223FBC6A00F7CF5C /* LaunchScreen.storyboard */ = {
			isa = PBXVariantGroup;
			children = (
				224F6350223FBC6A00F7CF5C /* Base */,
			);
			name = LaunchScreen.storyboard;
			sourceTree = "<group>";
		};
/* End PBXVariantGroup section */

/* Begin XCBuildConfiguration section */
		224F6353223FBC6A00F7CF5C /* Debug */ = {
			isa = XCBuildConfiguration;
			buildSettings = {
				ALWAYS_SEARCH_USER_PATHS = NO;
				CLANG_ANALYZER_NONNULL = YES;
				CLANG_ANALYZER_NUMBER_OBJECT_CONVERSION = YES_AGGRESSIVE;
				CLANG_CXX_LANGUAGE_STANDARD = "gnu++14";
				CLANG_CXX_LIBRARY = "libc++";
				CLANG_ENABLE_MODULES = YES;
				CLANG_ENABLE_OBJC_ARC = YES;
				CLANG_ENABLE_OBJC_WEAK = YES;
				CLANG_WARN_BLOCK_CAPTURE_AUTORELEASING = YES;
				CLANG_WARN_BOOL_CONVERSION = YES;
				CLANG_WARN_COMMA = YES;
				CLANG_WARN_CONSTANT_CONVERSION = YES;
				CLANG_WARN_DEPRECATED_OBJC_IMPLEMENTATIONS = YES;
				CLANG_WARN_DIRECT_OBJC_ISA_USAGE = YES_ERROR;
				CLANG_WARN_DOCUMENTATION_COMMENTS = YES;
				CLANG_WARN_EMPTY_BODY = YES;
				CLANG_WARN_ENUM_CONVERSION = YES;
				CLANG_WARN_INFINITE_RECURSION = YES;
				CLANG_WARN_INT_CONVERSION = YES;
				CLANG_WARN_NON_LITERAL_NULL_CONVERSION = YES;
				CLANG_WARN_OBJC_IMPLICIT_RETAIN_SELF = YES;
				CLANG_WARN_OBJC_LITERAL_CONVERSION = YES;
				CLANG_WARN_OBJC_ROOT_CLASS = YES_ERROR;
				CLANG_WARN_RANGE_LOOP_ANALYSIS = YES;
				CLANG_WARN_STRICT_PROTOTYPES = YES;
				CLANG_WARN_SUSPICIOUS_MOVE = YES;
				CLANG_WARN_UNGUARDED_AVAILABILITY = YES_AGGRESSIVE;
				CLANG_WARN_UNREACHABLE_CODE = YES;
				CLANG_WARN__DUPLICATE_METHOD_MATCH = YES;
				CODE_SIGN_IDENTITY = "iPhone Developer";
				COPY_PHASE_STRIP = NO;
				DEBUG_INFORMATION_FORMAT = dwarf;
				ENABLE_STRICT_OBJC_MSGSEND = YES;
				ENABLE_TESTABILITY = YES;
				GCC_C_LANGUAGE_STANDARD = gnu11;
				GCC_DYNAMIC_NO_PIC = NO;
				GCC_NO_COMMON_BLOCKS = YES;
				GCC_OPTIMIZATION_LEVEL = 0;
				GCC_PREPROCESSOR_DEFINITIONS = (
					"DEBUG=1",
					"$(inherited)",
				);
				GCC_WARN_64_TO_32_BIT_CONVERSION = YES;
				GCC_WARN_ABOUT_RETURN_TYPE = YES_ERROR;
				GCC_WARN_UNDECLARED_SELECTOR = YES;
				GCC_WARN_UNINITIALIZED_AUTOS = YES_AGGRESSIVE;
				GCC_WARN_UNUSED_FUNCTION = YES;
				GCC_WARN_UNUSED_VARIABLE = YES;
				IPHONEOS_DEPLOYMENT_TARGET = 12.1;
				MTL_ENABLE_DEBUG_INFO = INCLUDE_SOURCE;
				MTL_FAST_MATH = YES;
				ONLY_ACTIVE_ARCH = YES;
				SDKROOT = iphoneos;
				SWIFT_ACTIVE_COMPILATION_CONDITIONS = DEBUG;
				SWIFT_OPTIMIZATION_LEVEL = "-Onone";
			};
			name = Debug;
		};
		224F6354223FBC6A00F7CF5C /* Release */ = {
			isa = XCBuildConfiguration;
			buildSettings = {
				ALWAYS_SEARCH_USER_PATHS = NO;
				CLANG_ANALYZER_NONNULL = YES;
				CLANG_ANALYZER_NUMBER_OBJECT_CONVERSION = YES_AGGRESSIVE;
				CLANG_CXX_LANGUAGE_STANDARD = "gnu++14";
				CLANG_CXX_LIBRARY = "libc++";
				CLANG_ENABLE_MODULES = YES;
				CLANG_ENABLE_OBJC_ARC = YES;
				CLANG_ENABLE_OBJC_WEAK = YES;
				CLANG_WARN_BLOCK_CAPTURE_AUTORELEASING = YES;
				CLANG_WARN_BOOL_CONVERSION = YES;
				CLANG_WARN_COMMA = YES;
				CLANG_WARN_CONSTANT_CONVERSION = YES;
				CLANG_WARN_DEPRECATED_OBJC_IMPLEMENTATIONS = YES;
				CLANG_WARN_DIRECT_OBJC_ISA_USAGE = YES_ERROR;
				CLANG_WARN_DOCUMENTATION_COMMENTS = YES;
				CLANG_WARN_EMPTY_BODY = YES;
				CLANG_WARN_ENUM_CONVERSION = YES;
				CLANG_WARN_INFINITE_RECURSION = YES;
				CLANG_WARN_INT_CONVERSION = YES;
				CLANG_WARN_NON_LITERAL_NULL_CONVERSION = YES;
				CLANG_WARN_OBJC_IMPLICIT_RETAIN_SELF = YES;
				CLANG_WARN_OBJC_LITERAL_CONVERSION = YES;
				CLANG_WARN_OBJC_ROOT_CLASS = YES_ERROR;
				CLANG_WARN_RANGE_LOOP_ANALYSIS = YES;
				CLANG_WARN_STRICT_PROTOTYPES = YES;
				CLANG_WARN_SUSPICIOUS_MOVE = YES;
				CLANG_WARN_UNGUARDED_AVAILABILITY = YES_AGGRESSIVE;
				CLANG_WARN_UNREACHABLE_CODE = YES;
				CLANG_WARN__DUPLICATE_METHOD_MATCH = YES;
				CODE_SIGN_IDENTITY = "iPhone Developer";
				COPY_PHASE_STRIP = NO;
				DEBUG_INFORMATION_FORMAT = "dwarf-with-dsym";
				ENABLE_NS_ASSERTIONS = NO;
				ENABLE_STRICT_OBJC_MSGSEND = YES;
				GCC_C_LANGUAGE_STANDARD = gnu11;
				GCC_NO_COMMON_BLOCKS = YES;
				GCC_WARN_64_TO_32_BIT_CONVERSION = YES;
				GCC_WARN_ABOUT_RETURN_TYPE = YES_ERROR;
				GCC_WARN_UNDECLARED_SELECTOR = YES;
				GCC_WARN_UNINITIALIZED_AUTOS = YES_AGGRESSIVE;
				GCC_WARN_UNUSED_FUNCTION = YES;
				GCC_WARN_UNUSED_VARIABLE = YES;
				IPHONEOS_DEPLOYMENT_TARGET = 12.1;
				MTL_ENABLE_DEBUG_INFO = NO;
				MTL_FAST_MATH = YES;
				SDKROOT = iphoneos;
				SWIFT_COMPILATION_MODE = wholemodule;
				SWIFT_OPTIMIZATION_LEVEL = "-O";
				VALIDATE_PRODUCT = YES;
			};
			name = Release;
		};
		224F6356223FBC6A00F7CF5C /* Debug */ = {
			isa = XCBuildConfiguration;
			buildSettings = {
				ASSETCATALOG_COMPILER_APPICON_NAME = AppIcon;
				CODE_SIGN_STYLE = Automatic;
				DEVELOPMENT_TEAM = 728MNT2Y45;
				INFOPLIST_FILE = Swift4Manganioto/Info.plist;
				LD_RUNPATH_SEARCH_PATHS = (
					"$(inherited)",
					"@executable_path/Frameworks",
				);
				PRODUCT_BUNDLE_IDENTIFIER = com.hanjirou.Swift4Manganioto;
				PRODUCT_NAME = "$(TARGET_NAME)";
				SWIFT_VERSION = 4.2;
				TARGETED_DEVICE_FAMILY = "1,2";
			};
			name = Debug;
		};
		224F6357223FBC6A00F7CF5C /* Release */ = {
			isa = XCBuildConfiguration;
			buildSettings = {
				ASSETCATALOG_COMPILER_APPICON_NAME = AppIcon;
				CODE_SIGN_STYLE = Automatic;
				DEVELOPMENT_TEAM = 728MNT2Y45;
				INFOPLIST_FILE = Swift4Manganioto/Info.plist;
				LD_RUNPATH_SEARCH_PATHS = (
					"$(inherited)",
					"@executable_path/Frameworks",
				);
				PRODUCT_BUNDLE_IDENTIFIER = com.hanjirou.Swift4Manganioto;
				PRODUCT_NAME = "$(TARGET_NAME)";
				SWIFT_VERSION = 4.2;
				TARGETED_DEVICE_FAMILY = "1,2";
			};
			name = Release;
		};
/* End XCBuildConfiguration section */

/* Begin XCConfigurationList section */
		224F633E223FBC6A00F7CF5C /* Build configuration list for PBXProject "Swift4Manganioto" */ = {
			isa = XCConfigurationList;
			buildConfigurations = (
				224F6353223FBC6A00F7CF5C /* Debug */,
				224F6354223FBC6A00F7CF5C /* Release */,
			);
			defaultConfigurationIsVisible = 0;
			defaultConfigurationName = Release;
		};
		224F6355223FBC6A00F7CF5C /* Build configuration list for PBXNativeTarget "Swift4Manganioto" */ = {
			isa = XCConfigurationList;
			buildConfigurations = (
				224F6356223FBC6A00F7CF5C /* Debug */,
				224F6357223FBC6A00F7CF5C /* Release */,
			);
			defaultConfigurationIsVisible = 0;
			defaultConfigurationName = Release;
		};
/* End XCConfigurationList section */
	};
	rootObject = 224F633B223FBC6A00F7CF5C /* Project object */;
}
